// !$*UTF8*$!
{
	archiveVersion = 1;
	classes = {
	};
	objectVersion = 46;
	objects = {

/* Begin PBXBuildFile section */
		185EE22D1E13B88C00F70EF7 /* AppDelegate.swift in Sources */ = {isa = PBXBuildFile; fileRef = 185EE22C1E13B88C00F70EF7 /* AppDelegate.swift */; };
		185EE22F1E13B88C00F70EF7 /* ViewController.swift in Sources */ = {isa = PBXBuildFile; fileRef = 185EE22E1E13B88C00F70EF7 /* ViewController.swift */; };
		185EE2321E13B88C00F70EF7 /* Main.storyboard in Resources */ = {isa = PBXBuildFile; fileRef = 185EE2301E13B88C00F70EF7 /* Main.storyboard */; };
		185EE2341E13B88C00F70EF7 /* Assets.xcassets in Resources */ = {isa = PBXBuildFile; fileRef = 185EE2331E13B88C00F70EF7 /* Assets.xcassets */; };
		185EE2371E13B88C00F70EF7 /* LaunchScreen.storyboard in Resources */ = {isa = PBXBuildFile; fileRef = 185EE2351E13B88C00F70EF7 /* LaunchScreen.storyboard */; };
		185EE23F1E13B8A100F70EF7 /* ZWTextField.swift in Sources */ = {isa = PBXBuildFile; fileRef = 185EE23E1E13B8A100F70EF7 /* ZWTextField.swift */; };
		185EE2411E13B8BA00F70EF7 /* christmas-tree.png in Resources */ = {isa = PBXBuildFile; fileRef = 185EE2401E13B8BA00F70EF7 /* christmas-tree.png */; };
/* End PBXBuildFile section */

/* Begin PBXFileReference section */
		185EE2291E13B88C00F70EF7 /* ZWTextField.app */ = {isa = PBXFileReference; explicitFileType = wrapper.application; includeInIndex = 0; path = ZWTextField.app; sourceTree = BUILT_PRODUCTS_DIR; };
		185EE22C1E13B88C00F70EF7 /* AppDelegate.swift */ = {isa = PBXFileReference; lastKnownFileType = sourcecode.swift; path = AppDelegate.swift; sourceTree = "<group>"; };
		185EE22E1E13B88C00F70EF7 /* ViewController.swift */ = {isa = PBXFileReference; lastKnownFileType = sourcecode.swift; path = ViewController.swift; sourceTree = "<group>"; };
		185EE2311E13B88C00F70EF7 /* Base */ = {isa = PBXFileReference; lastKnownFileType = file.storyboard; name = Base; path = Base.lproj/Main.storyboard; sourceTree = "<group>"; };
		185EE2331E13B88C00F70EF7 /* Assets.xcassets */ = {isa = PBXFileReference; lastKnownFileType = folder.assetcatalog; path = Assets.xcassets; sourceTree = "<group>"; };
		185EE2361E13B88C00F70EF7 /* Base */ = {isa = PBXFileReference; lastKnownFileType = file.storyboard; name = Base; path = Base.lproj/LaunchScreen.storyboard; sourceTree = "<group>"; };
		185EE2381E13B88C00F70EF7 /* Info.plist */ = {isa = PBXFileReference; lastKnownFileType = text.plist.xml; path = Info.plist; sourceTree = "<group>"; };
		185EE23E1E13B8A100F70EF7 /* ZWTextField.swift */ = {isa = PBXFileReference; fileEncoding = 4; lastKnownFileType = sourcecode.swift; name = ZWTextField.swift; path = "../CUSTOM CONTROLS/ZWTextField.swift"; sourceTree = "<group>"; };
		185EE2401E13B8BA00F70EF7 /* christmas-tree.png */ = {isa = PBXFileReference; lastKnownFileType = image.png; path = "christmas-tree.png"; sourceTree = "<group>"; };
/* End PBXFileReference section */

/* Begin PBXFrameworksBuildPhase section */
		185EE2261E13B88C00F70EF7 /* Frameworks */ = {
			isa = PBXFrameworksBuildPhase;
			buildActionMask = 2147483647;
			files = (
			);
			runOnlyForDeploymentPostprocessing = 0;
		};
/* End PBXFrameworksBuildPhase section */

/* Begin PBXGroup section */
		185EE2201E13B88C00F70EF7 = {
			isa = PBXGroup;
			children = (
				185EE2401E13B8BA00F70EF7 /* christmas-tree.png */,
				185EE23E1E13B8A100F70EF7 /* ZWTextField.swift */,
				185EE22B1E13B88C00F70EF7 /* ZWTextField */,
				185EE22A1E13B88C00F70EF7 /* Products */,
			);
			sourceTree = "<group>";
		};
		185EE22A1E13B88C00F70EF7 /* Products */ = {
			isa = PBXGroup;
			children = (
				185EE2291E13B88C00F70EF7 /* ZWTextField.app */,
			);
			name = Products;
			sourceTree = "<group>";
		};
		185EE22B1E13B88C00F70EF7 /* ZWTextField */ = {
			isa = PBXGroup;
			children = (
				185EE22C1E13B88C00F70EF7 /* AppDelegate.swift */,
				185EE22E1E13B88C00F70EF7 /* ViewController.swift */,
				185EE2301E13B88C00F70EF7 /* Main.storyboard */,
				185EE2331E13B88C00F70EF7 /* Assets.xcassets */,
				185EE2351E13B88C00F70EF7 /* LaunchScreen.storyboard */,
				185EE2381E13B88C00F70EF7 /* Info.plist */,
			);
			path = ZWTextField;
			sourceTree = "<group>";
		};
/* End PBXGroup section */

/* Begin PBXNativeTarget section */
		185EE2281E13B88C00F70EF7 /* ZWTextField */ = {
			isa = PBXNativeTarget;
			buildConfigurationList = 185EE23B1E13B88C00F70EF7 /* Build configuration list for PBXNativeTarget "ZWTextField" */;
			buildPhases = (
				185EE2251E13B88C00F70EF7 /* Sources */,
				185EE2261E13B88C00F70EF7 /* Frameworks */,
				185EE2271E13B88C00F70EF7 /* Resources */,
			);
			buildRules = (
			);
			dependencies = (
			);
			name = ZWTextField;
			productName = ZWTextField;
			productReference = 185EE2291E13B88C00F70EF7 /* ZWTextField.app */;
			productType = "com.apple.product-type.application";
		};
/* End PBXNativeTarget section */

/* Begin PBXProject section */
		185EE2211E13B88C00F70EF7 /* Project object */ = {
			isa = PBXProject;
			attributes = {
				LastSwiftUpdateCheck = 0820;
				LastUpgradeCheck = 0820;
				ORGANIZATIONNAME = ZetrixWeb;
				TargetAttributes = {
					185EE2281E13B88C00F70EF7 = {
						CreatedOnToolsVersion = 8.2.1;
						DevelopmentTeam = C54D6UNRML;
						ProvisioningStyle = Automatic;
					};
				};
			};
			buildConfigurationList = 185EE2241E13B88C00F70EF7 /* Build configuration list for PBXProject "ZWTextField" */;
			compatibilityVersion = "Xcode 3.2";
			developmentRegion = English;
			hasScannedForEncodings = 0;
			knownRegions = (
				en,
				Base,
			);
			mainGroup = 185EE2201E13B88C00F70EF7;
			productRefGroup = 185EE22A1E13B88C00F70EF7 /* Products */;
			projectDirPath = "";
			projectRoot = "";
			targets = (
				185EE2281E13B88C00F70EF7 /* ZWTextField */,
			);
		};
/* End PBXProject section */

/* Begin PBXResourcesBuildPhase section */
		185EE2271E13B88C00F70EF7 /* Resources */ = {
			isa = PBXResourcesBuildPhase;
			buildActionMask = 2147483647;
			files = (
				185EE2411E13B8BA00F70EF7 /* christmas-tree.png in Resources */,
				185EE2371E13B88C00F70EF7 /* LaunchScreen.storyboard in Resources */,
				185EE2341E13B88C00F70EF7 /* Assets.xcassets in Resources */,
				185EE2321E13B88C00F70EF7 /* Main.storyboard in Resources */,
			);
			runOnlyForDeploymentPostprocessing = 0;
		};
/* End PBXResourcesBuildPhase section */

/* Begin PBXSourcesBuildPhase section */
		185EE2251E13B88C00F70EF7 /* Sources */ = {
			isa = PBXSourcesBuildPhase;
			buildActionMask = 2147483647;
			files = (
				185EE22F1E13B88C00F70EF7 /* ViewController.swift in Sources */,
				185EE22D1E13B88C00F70EF7 /* AppDelegate.swift in Sources */,
				185EE23F1E13B8A100F70EF7 /* ZWTextField.swift in Sources */,
			);
			runOnlyForDeploymentPostprocessing = 0;
		};
/* End PBXSourcesBuildPhase section */

/* Begin PBXVariantGroup section */
		185EE2301E13B88C00F70EF7 /* Main.storyboard */ = {
			isa = PBXVariantGroup;
			children = (
				185EE2311E13B88C00F70EF7 /* Base */,
			);
			name = Main.storyboard;
			sourceTree = "<group>";
		};
		185EE2351E13B88C00F70EF7 /* LaunchScreen.storyboard */ = {
			isa = PBXVariantGroup;
			children = (
				185EE2361E13B88C00F70EF7 /* Base */,
			);
			name = LaunchScreen.storyboard;
			sourceTree = "<group>";
		};
/* End PBXVariantGroup section */

/* Begin XCBuildConfiguration section */
		185EE2391E13B88C00F70EF7 /* Debug */ = {
			isa = XCBuildConfiguration;
			buildSettings = {
				ALWAYS_SEARCH_USER_PATHS = NO;
				CLANG_ANALYZER_NONNULL = YES;
				CLANG_CXX_LANGUAGE_STANDARD = "gnu++0x";
				CLANG_CXX_LIBRARY = "libc++";
				CLANG_ENABLE_MODULES = YES;
				CLANG_ENABLE_OBJC_ARC = YES;
				CLANG_WARN_BOOL_CONVERSION = YES;
				CLANG_WARN_CONSTANT_CONVERSION = YES;
				CLANG_WARN_DIRECT_OBJC_ISA_USAGE = YES_ERROR;
				CLANG_WARN_DOCUMENTATION_COMMENTS = YES;
				CLANG_WARN_EMPTY_BODY = YES;
				CLANG_WARN_ENUM_CONVERSION = YES;
				CLANG_WARN_INFINITE_RECURSION = YES;
				CLANG_WARN_INT_CONVERSION = YES;
				CLANG_WARN_OBJC_ROOT_CLASS = YES_ERROR;
				CLANG_WARN_SUSPICIOUS_MOVE = YES;
				CLANG_WARN_UNREACHABLE_CODE = YES;
				CLANG_WARN__DUPLICATE_METHOD_MATCH = YES;
				"CODE_SIGN_IDENTITY[sdk=iphoneos*]" = "iPhone Developer";
				COPY_PHASE_STRIP = NO;
				DEBUG_INFORMATION_FORMAT = dwarf;
				ENABLE_STRICT_OBJC_MSGSEND = YES;
				ENABLE_TESTABILITY = YES;
				GCC_C_LANGUAGE_STANDARD = gnu99;
				GCC_DYNAMIC_NO_PIC = NO;
				GCC_NO_COMMON_BLOCKS = YES;
				GCC_OPTIMIZATION_LEVEL = 0;
				GCC_PREPROCESSOR_DEFINITIONS = (
					"DEBUG=1",
					"$(inherited)",
				);
				GCC_WARN_64_TO_32_BIT_CONVERSION = YES;
				GCC_WARN_ABOUT_RETURN_TYPE = YES_ERROR;
				GCC_WARN_UNDECLARED_SELECTOR = YES;
				GCC_WARN_UNINITIALIZED_AUTOS = YES_AGGRESSIVE;
				GCC_WARN_UNUSED_FUNCTION = YES;
				GCC_WARN_UNUSED_VARIABLE = YES;
				IPHONEOS_DEPLOYMENT_TARGET = 10.2;
				MTL_ENABLE_DEBUG_INFO = YES;
				ONLY_ACTIVE_ARCH = YES;
				SDKROOT = iphoneos;
				SWIFT_ACTIVE_COMPILATION_CONDITIONS = DEBUG;
				SWIFT_OPTIMIZATION_LEVEL = "-Onone";
			};
			name = Debug;
		};
		185EE23A1E13B88C00F70EF7 /* Release */ = {
			isa = XCBuildConfiguration;
			buildSettings = {
				ALWAYS_SEARCH_USER_PATHS = NO;
				CLANG_ANALYZER_NONNULL = YES;
				CLANG_CXX_LANGUAGE_STANDARD = "gnu++0x";
				CLANG_CXX_LIBRARY = "libc++";
				CLANG_ENABLE_MODULES = YES;
				CLANG_ENABLE_OBJC_ARC = YES;
				CLANG_WARN_BOOL_CONVERSION = YES;
				CLANG_WARN_CONSTANT_CONVERSION = YES;
				CLANG_WARN_DIRECT_OBJC_ISA_USAGE = YES_ERROR;
				CLANG_WARN_DOCUMENTATION_COMMENTS = YES;
				CLANG_WARN_EMPTY_BODY = YES;
				CLANG_WARN_ENUM_CONVERSION = YES;
				CLANG_WARN_INFINITE_RECURSION = YES;
				CLANG_WARN_INT_CONVERSION = YES;
				CLANG_WARN_OBJC_ROOT_CLASS = YES_ERROR;
				CLANG_WARN_SUSPICIOUS_MOVE = YES;
				CLANG_WARN_UNREACHABLE_CODE = YES;
				CLANG_WARN__DUPLICATE_METHOD_MATCH = YES;
				"CODE_SIGN_IDENTITY[sdk=iphoneos*]" = "iPhone Developer";
				COPY_PHASE_STRIP = NO;
				DEBUG_INFORMATION_FORMAT = "dwarf-with-dsym";
				ENABLE_NS_ASSERTIONS = NO;
				ENABLE_STRICT_OBJC_MSGSEND = YES;
				GCC_C_LANGUAGE_STANDARD = gnu99;
				GCC_NO_COMMON_BLOCKS = YES;
				GCC_WARN_64_TO_32_BIT_CONVERSION = YES;
				GCC_WARN_ABOUT_RETURN_TYPE = YES_ERROR;
				GCC_WARN_UNDECLARED_SELECTOR = YES;
				GCC_WARN_UNINITIALIZED_AUTOS = YES_AGGRESSIVE;
				GCC_WARN_UNUSED_FUNCTION = YES;
				GCC_WARN_UNUSED_VARIABLE = YES;
				IPHONEOS_DEPLOYMENT_TARGET = 10.2;
				MTL_ENABLE_DEBUG_INFO = NO;
				SDKROOT = iphoneos;
				SWIFT_OPTIMIZATION_LEVEL = "-Owholemodule";
				VALIDATE_PRODUCT = YES;
			};
			name = Release;
		};
		185EE23C1E13B88C00F70EF7 /* Debug */ = {
			isa = XCBuildConfiguration;
			buildSettings = {
				ASSETCATALOG_COMPILER_APPICON_NAME = AppIcon;
				DEVELOPMENT_TEAM = C54D6UNRML;
				INFOPLIST_FILE = ZWTextField/Info.plist;
				LD_RUNPATH_SEARCH_PATHS = "$(inherited) @executable_path/Frameworks";
				PRODUCT_BUNDLE_IDENTIFIER = com.zetrixweb.ZWTextField;
				PRODUCT_NAME = "$(TARGET_NAME)";
				SWIFT_VERSION = 3.0;
			};
			name = Debug;
		};
		185EE23D1E13B88C00F70EF7 /* Release */ = {
			isa = XCBuildConfiguration;
			buildSettings = {
				ASSETCATALOG_COMPILER_APPICON_NAME = AppIcon;
				DEVELOPMENT_TEAM = C54D6UNRML;
				INFOPLIST_FILE = ZWTextField/Info.plist;
				LD_RUNPATH_SEARCH_PATHS = "$(inherited) @executable_path/Frameworks";
				PRODUCT_BUNDLE_IDENTIFIER = com.zetrixweb.ZWTextField;
				PRODUCT_NAME = "$(TARGET_NAME)";
				SWIFT_VERSION = 3.0;
			};
			name = Release;
		};
/* End XCBuildConfiguration section */

/* Begin XCConfigurationList section */
		185EE2241E13B88C00F70EF7 /* Build configuration list for PBXProject "ZWTextField" */ = {
			isa = XCConfigurationList;
			buildConfigurations = (
				185EE2391E13B88C00F70EF7 /* Debug */,
				185EE23A1E13B88C00F70EF7 /* Release */,
			);
			defaultConfigurationIsVisible = 0;
			defaultConfigurationName = Release;
		};
		185EE23B1E13B88C00F70EF7 /* Build configuration list for PBXNativeTarget "ZWTextField" */ = {
			isa = XCConfigurationList;
			buildConfigurations = (
				185EE23C1E13B88C00F70EF7 /* Debug */,
				185EE23D1E13B88C00F70EF7 /* Release */,
			);
			defaultConfigurationIsVisible = 0;
		};
/* End XCConfigurationList section */
	};
	rootObject = 185EE2211E13B88C00F70EF7 /* Project object */;
}
